<?xml version="1.0" encoding="utf-8"?>
<Project ToolsVersion="4.0" xmlns="http://schemas.microsoft.com/developer/msbuild/2003">
  <ItemGroup>
    <Filter Include="Source Files">
      <UniqueIdentifier>{2d3c912d-e6b9-4775-bab5-a6faa5b6a995}</UniqueIdentifier>
      <Extensions>cpp;c;cxx;rc;def;r;odl;idl;hpj;bat</Extensions>
    </Filter>
    <Filter Include="Header Files">
      <UniqueIdentifier>{1794c507-8632-4095-a7aa-bbcd5c67db20}</UniqueIdentifier>
      <Extensions>h;hpp;hxx;hm;inl</Extensions>
    </Filter>
    <Filter Include="Resource Files">
      <UniqueIdentifier>{6c607bc9-3b8f-432a-b51f-14ca9d2f992f}</UniqueIdentifier>
      <Extensions>ico;cur;bmp;dlg;rc2;rct;bin;rgs;gif;jpg;jpeg;jpe</Extensions>
    </Filter>
    <Filter Include="FPSpread">
      <UniqueIdentifier>{9931219e-3697-4181-94ec-3def6d558fb6}</UniqueIdentifier>
    </Filter>
  </ItemGroup>
  <ItemGroup>
    <ClCompile Include="BuilderLib.cpp">
      <Filter>Source Files</Filter>
    </ClCompile>
    <ClCompile Include="BuildManager.cpp">
      <Filter>Source Files</Filter>
    </ClCompile>
    <ClCompile Include="ControlManagerDlg.cpp">
      <Filter>Source Files</Filter>
    </ClCompile>
    <ClCompile Include="PropertyManagerDlg.cpp">
      <Filter>Source Files</Filter>
    </ClCompile>
    <ClCompile Include="StdAfx.cpp">
      <Filter>Source Files</Filter>
    </ClCompile>
    <ClCompile Include="font.cpp">
      <Filter>FPSpread</Filter>
    </ClCompile>
    <ClCompile Include="picture.cpp">
      <Filter>FPSpread</Filter>
    </ClCompile>
    <ClCompile Include="spreadsheet.cpp">
      <Filter>FPSpread</Filter>
    </ClCompile>
  </ItemGroup>
  <ItemGroup>
    <ResourceCompile Include="BuilderLib.rc">
      <Filter>Source Files</Filter>
    </ResourceCompile>
  </ItemGroup>
  <ItemGroup>
    <ClInclude Include="BuildManager.h">
      <Filter>Header Files</Filter>
    </ClInclude>
    <ClInclude Include="ControlManagerDlg.h">
      <Filter>Header Files</Filter>
    </ClInclude>
    <ClInclude Include="PropertyManagerDlg.h">
      <Filter>Header Files</Filter>
    </ClInclude>
    <ClInclude Include="Resource.h">
      <Filter>Header Files</Filter>
    </ClInclude>
    <ClInclude Include="StdAfx.h">
      <Filter>Header Files</Filter>
    </ClInclude>
    <ClInclude Include="font.h">
      <Filter>FPSpread</Filter>
    </ClInclude>
    <ClInclude Include="picture.h">
      <Filter>FPSpread</Filter>
    </ClInclude>
    <ClInclude Include="spreadsheet.h">
      <Filter>FPSpread</Filter>
    </ClInclude>
  </ItemGroup>
  <ItemGroup>
    <CustomBuild Include="BuilderLib.def">
      <Filter>Source Files</Filter>
    </CustomBuild>
    <CustomBuild Include="res\BuilderLib.rc2">
      <Filter>Resource Files</Filter>
    </CustomBuild>
    <CustomBuild Include="ReadMe.txt" />
  </ItemGroup>
</Project>