<?xml version="1.0" encoding="utf-8"?>
<Project ToolsVersion="4.0" xmlns="http://schemas.microsoft.com/developer/msbuild/2003">
  <ItemGroup>
    <Filter Include="Source Files">
      <UniqueIdentifier>{46423b91-e6fb-4dbb-a7bb-95b174f4b721}</UniqueIdentifier>
      <Extensions>cpp;c;cxx;rc;def;r;odl;idl;hpj;bat</Extensions>
    </Filter>
    <Filter Include="Header Files">
      <UniqueIdentifier>{681aa867-d1ea-4b06-ad2f-ebe2b6312423}</UniqueIdentifier>
      <Extensions>h;hpp;hxx;hm;inl</Extensions>
    </Filter>
    <Filter Include="Resource Files">
      <UniqueIdentifier>{22b2a972-ffbb-4ef7-9da6-0888ae473f63}</UniqueIdentifier>
      <Extensions>ico;cur;bmp;dlg;rc2;rct;bin;rgs;gif;jpg;jpeg;jpe</Extensions>
    </Filter>
    <Filter Include="Utility">
      <UniqueIdentifier>{69953a5a-669e-4a4c-b81c-3ce858dc1347}</UniqueIdentifier>
      <Extensions>cpp;h</Extensions>
    </Filter>
    <Filter Include="MSXML">
      <UniqueIdentifier>{2887fdac-11a8-43bb-8cfd-62e6a836a1ef}</UniqueIdentifier>
      <Extensions>cpp;h</Extensions>
    </Filter>
  </ItemGroup>
  <ItemGroup>
    <ClCompile Include="AsyncSocketEx.cpp">
      <Filter>Source Files</Filter>
    </ClCompile>
    <ClCompile Include="ByteArrayEx.cpp">
      <Filter>Source Files</Filter>
    </ClCompile>
    <ClCompile Include="ChangePasswordDlg.cpp">
      <Filter>Source Files</Filter>
    </ClCompile>
    <ClCompile Include="CmdMsg.cpp">
      <Filter>Source Files</Filter>
    </ClCompile>
    <ClCompile Include="Config.cpp">
      <Filter>Source Files</Filter>
    </ClCompile>
    <ClCompile Include="ConfigPptSheet.cpp">
      <Filter>Source Files</Filter>
    </ClCompile>
    <ClCompile Include="ConfigStdPage.cpp">
      <Filter>Source Files</Filter>
    </ClCompile>
    <ClCompile Include="ConfigSub1Page.cpp">
      <Filter>Source Files</Filter>
    </ClCompile>
    <ClCompile Include="ConfigSub2Page.cpp">
      <Filter>Source Files</Filter>
    </ClCompile>
    <ClCompile Include="ConfigSub3Page.cpp">
      <Filter>Source Files</Filter>
    </ClCompile>
    <ClCompile Include="Cv.cpp">
      <Filter>Source Files</Filter>
    </ClCompile>
    <ClCompile Include="CvDlg.cpp">
      <Filter>Source Files</Filter>
    </ClCompile>
    <ClCompile Include="CvFx.cpp">
      <Filter>Source Files</Filter>
    </ClCompile>
    <ClCompile Include="CvInfo.cpp">
      <Filter>Source Files</Filter>
    </ClCompile>
    <ClCompile Include="DataSettingDlg.cpp">
      <Filter>Source Files</Filter>
    </ClCompile>
    <ClCompile Include="Debuger.cpp">
      <Filter>Source Files</Filter>
    </ClCompile>
    <ClCompile Include="Ecs.cpp">
      <Filter>Source Files</Filter>
    </ClCompile>
    <ClCompile Include="EcsDefine.cpp">
      <Filter>Source Files</Filter>
    </ClCompile>
    <ClCompile Include="EcsDoc.cpp">
      <Filter>Source Files</Filter>
    </ClCompile>
    <ClCompile Include="EcsLayout.cpp">
      <Filter>Source Files</Filter>
    </ClCompile>
    <ClCompile Include="EcsView.cpp">
      <Filter>Source Files</Filter>
    </ClCompile>
    <ClCompile Include="Equipment.cpp">
      <Filter>Source Files</Filter>
    </ClCompile>
    <ClCompile Include="Host.cpp">
      <Filter>Source Files</Filter>
    </ClCompile>
    <ClCompile Include="Info.cpp">
      <Filter>Source Files</Filter>
    </ClCompile>
    <ClCompile Include="InterfaceSk.cpp">
      <Filter>Source Files</Filter>
    </ClCompile>
    <ClCompile Include="InterfaceThreadSk.cpp">
      <Filter>Source Files</Filter>
    </ClCompile>
    <ClCompile Include="Job.cpp">
      <Filter>Source Files</Filter>
    </ClCompile>
    <ClCompile Include="JobDlg.cpp">
      <Filter>Source Files</Filter>
    </ClCompile>
    <ClCompile Include="JobItem.cpp">
      <Filter>Source Files</Filter>
    </ClCompile>
    <ClCompile Include="JobItemDlg.cpp">
      <Filter>Source Files</Filter>
    </ClCompile>
    <ClCompile Include="JobOfflineDlg.cpp">
      <Filter>Source Files</Filter>
    </ClCompile>
    <ClCompile Include="JobTestDlg.cpp">
      <Filter>Source Files</Filter>
    </ClCompile>
    <ClCompile Include="Lgv.cpp">
      <Filter>Source Files</Filter>
    </ClCompile>
    <ClCompile Include="LgvcDlg.cpp">
      <Filter>Source Files</Filter>
    </ClCompile>
    <ClCompile Include="LgvDlg.cpp">
      <Filter>Source Files</Filter>
    </ClCompile>
    <ClCompile Include="LgvInfo.cpp">
      <Filter>Source Files</Filter>
    </ClCompile>
    <ClCompile Include="LgvManualDlg.cpp">
      <Filter>Source Files</Filter>
    </ClCompile>
    <ClCompile Include="LgvVehicle.cpp">
      <Filter>Source Files</Filter>
    </ClCompile>
    <ClCompile Include="Lib.cpp">
      <Filter>Source Files</Filter>
    </ClCompile>
    <ClCompile Include="ListenerSk.cpp">
      <Filter>Source Files</Filter>
    </ClCompile>
    <ClCompile Include="Log.cpp">
      <Filter>Source Files</Filter>
    </ClCompile>
    <ClCompile Include="LogDlg.cpp">
      <Filter>Source Files</Filter>
    </ClCompile>
    <ClCompile Include="Login.cpp">
      <Filter>Source Files</Filter>
    </ClCompile>
    <ClCompile Include="MainFrm.cpp">
      <Filter>Source Files</Filter>
    </ClCompile>
    <ClCompile Include="MelsecEthernetSk.cpp">
      <Filter>Source Files</Filter>
    </ClCompile>
    <ClCompile Include="MelsecEthernetThreadSk.cpp">
      <Filter>Source Files</Filter>
    </ClCompile>
    <ClCompile Include="MelsecFXEthernetSk.cpp">
      <Filter>Source Files</Filter>
    </ClCompile>
    <ClCompile Include="MelsecSerialSk.cpp">
      <Filter>Source Files</Filter>
    </ClCompile>
    <ClCompile Include="MessageDisplayDlg.cpp">
      <Filter>Source Files</Filter>
    </ClCompile>
    <ClCompile Include="MonitorListener.cpp">
      <Filter>Source Files</Filter>
    </ClCompile>
    <ClCompile Include="MonitorServer.cpp">
      <Filter>Source Files</Filter>
    </ClCompile>
    <ClCompile Include="PasswordDlg.cpp">
      <Filter>Source Files</Filter>
    </ClCompile>
    <ClCompile Include="PortEthernetDlg.cpp">
      <Filter>Source Files</Filter>
    </ClCompile>
    <ClCompile Include="PortObject.cpp">
      <Filter>Source Files</Filter>
    </ClCompile>
    <ClCompile Include="PortSerialDlg.cpp">
      <Filter>Source Files</Filter>
    </ClCompile>
    <ClCompile Include="ScDongJin.cpp">
      <Filter>Source Files</Filter>
    </ClCompile>
    <ClCompile Include="ScDongJinDlg.cpp">
      <Filter>Source Files</Filter>
    </ClCompile>
    <ClCompile Include="ScDongJinManualDlg.cpp">
      <Filter>Source Files</Filter>
    </ClCompile>
    <ClCompile Include="ScInfo.cpp">
      <Filter>Source Files</Filter>
    </ClCompile>
    <ClCompile Include="ScRelocationDlg.cpp">
      <Filter>Source Files</Filter>
    </ClCompile>
    <ClCompile Include="Splash.cpp">
      <Filter>Source Files</Filter>
    </ClCompile>
    <ClCompile Include="spreadsheet.cpp">
      <Filter>Source Files</Filter>
    </ClCompile>
    <ClCompile Include="StartupTip.cpp">
      <Filter>Source Files</Filter>
    </ClCompile>
    <ClCompile Include="StationInfo.cpp">
      <Filter>Source Files</Filter>
    </ClCompile>
    <ClCompile Include="StdAfx.cpp">
      <Filter>Source Files</Filter>
    </ClCompile>
    <ClCompile Include="TrackHS.cpp">
      <Filter>Source Files</Filter>
    </ClCompile>
    <ClCompile Include="TrackInfo.cpp">
      <Filter>Source Files</Filter>
    </ClCompile>
    <ClCompile Include="WarningDlg.cpp">
      <Filter>Source Files</Filter>
    </ClCompile>
    <ClCompile Include="ReportCtrl.cpp">
      <Filter>Utility</Filter>
    </ClCompile>
    <ClCompile Include="ReportHeader.cpp">
      <Filter>Utility</Filter>
    </ClCompile>
  </ItemGroup>
  <ItemGroup>
    <ResourceCompile Include="Ecs.rc">
      <Filter>Source Files</Filter>
    </ResourceCompile>
  </ItemGroup>
  <ItemGroup>
    <ClInclude Include="AsyncSocketEx.h">
      <Filter>Header Files</Filter>
    </ClInclude>
    <ClInclude Include="ByteArrayEx.h">
      <Filter>Header Files</Filter>
    </ClInclude>
    <ClInclude Include="ChangePasswordDlg.h">
      <Filter>Header Files</Filter>
    </ClInclude>
    <ClInclude Include="CmdMsg.h">
      <Filter>Header Files</Filter>
    </ClInclude>
    <ClInclude Include="Color.h">
      <Filter>Header Files</Filter>
    </ClInclude>
    <ClInclude Include="Config.h">
      <Filter>Header Files</Filter>
    </ClInclude>
    <ClInclude Include="ConfigPptSheet.h">
      <Filter>Header Files</Filter>
    </ClInclude>
    <ClInclude Include="ConfigStdPage.h">
      <Filter>Header Files</Filter>
    </ClInclude>
    <ClInclude Include="ConfigSub1Page.h">
      <Filter>Header Files</Filter>
    </ClInclude>
    <ClInclude Include="ConfigSub2Page.h">
      <Filter>Header Files</Filter>
    </ClInclude>
    <ClInclude Include="ConfigSub3Page.h">
      <Filter>Header Files</Filter>
    </ClInclude>
    <ClInclude Include="Cv.h">
      <Filter>Header Files</Filter>
    </ClInclude>
    <ClInclude Include="CvDlg.h">
      <Filter>Header Files</Filter>
    </ClInclude>
    <ClInclude Include="CvFx.h">
      <Filter>Header Files</Filter>
    </ClInclude>
    <ClInclude Include="CvInfo.h">
      <Filter>Header Files</Filter>
    </ClInclude>
    <ClInclude Include="DataSettingDlg.h">
      <Filter>Header Files</Filter>
    </ClInclude>
    <ClInclude Include="Debuger.h">
      <Filter>Header Files</Filter>
    </ClInclude>
    <ClInclude Include="Ecs.h">
      <Filter>Header Files</Filter>
    </ClInclude>
    <ClInclude Include="EcsDef.h">
      <Filter>Header Files</Filter>
    </ClInclude>
    <ClInclude Include="EcsDefine.h">
      <Filter>Header Files</Filter>
    </ClInclude>
    <ClInclude Include="EcsDoc.h">
      <Filter>Header Files</Filter>
    </ClInclude>
    <ClInclude Include="EcsEnv.h">
      <Filter>Header Files</Filter>
    </ClInclude>
    <ClInclude Include="EcsLayout.h">
      <Filter>Header Files</Filter>
    </ClInclude>
    <ClInclude Include="EcsView.h">
      <Filter>Header Files</Filter>
    </ClInclude>
    <ClInclude Include="Equipment.h">
      <Filter>Header Files</Filter>
    </ClInclude>
    <ClInclude Include="Host.h">
      <Filter>Header Files</Filter>
    </ClInclude>
    <ClInclude Include="Info.h">
      <Filter>Header Files</Filter>
    </ClInclude>
    <ClInclude Include="InterfaceSk.h">
      <Filter>Header Files</Filter>
    </ClInclude>
    <ClInclude Include="InterfaceThreadSk.h">
      <Filter>Header Files</Filter>
    </ClInclude>
    <ClInclude Include="Job.h">
      <Filter>Header Files</Filter>
    </ClInclude>
    <ClInclude Include="JobDlg.h">
      <Filter>Header Files</Filter>
    </ClInclude>
    <ClInclude Include="JobItem.h">
      <Filter>Header Files</Filter>
    </ClInclude>
    <ClInclude Include="JobItemDlg.h">
      <Filter>Header Files</Filter>
    </ClInclude>
    <ClInclude Include="JobOfflineDlg.h">
      <Filter>Header Files</Filter>
    </ClInclude>
    <ClInclude Include="JobTestDlg.h">
      <Filter>Header Files</Filter>
    </ClInclude>
    <ClInclude Include="Lgv.h">
      <Filter>Header Files</Filter>
    </ClInclude>
    <ClInclude Include="LgvcDlg.h">
      <Filter>Header Files</Filter>
    </ClInclude>
    <ClInclude Include="LgvDlg.h">
      <Filter>Header Files</Filter>
    </ClInclude>
    <ClInclude Include="LgvInfo.h">
      <Filter>Header Files</Filter>
    </ClInclude>
    <ClInclude Include="LgvManualDlg.h">
      <Filter>Header Files</Filter>
    </ClInclude>
    <ClInclude Include="LgvVehicle.h">
      <Filter>Header Files</Filter>
    </ClInclude>
    <ClInclude Include="Lib.h">
      <Filter>Header Files</Filter>
    </ClInclude>
    <ClInclude Include="ListenerSk.h">
      <Filter>Header Files</Filter>
    </ClInclude>
    <ClInclude Include="Log.h">
      <Filter>Header Files</Filter>
    </ClInclude>
    <ClInclude Include="LogDlg.h">
      <Filter>Header Files</Filter>
    </ClInclude>
    <ClInclude Include="Login.h">
      <Filter>Header Files</Filter>
    </ClInclude>
    <ClInclude Include="MainFrm.h">
      <Filter>Header Files</Filter>
    </ClInclude>
    <ClInclude Include="MelsecEthernetSk.h">
      <Filter>Header Files</Filter>
    </ClInclude>
    <ClInclude Include="MelsecEthernetThreadSk.h">
      <Filter>Header Files</Filter>
    </ClInclude>
    <ClInclude Include="MelsecFXEthernetSk.h">
      <Filter>Header Files</Filter>
    </ClInclude>
    <ClInclude Include="MelsecSerialSk.h">
      <Filter>Header Files</Filter>
    </ClInclude>
    <ClInclude Include="MessageDisplayDlg.h">
      <Filter>Header Files</Filter>
    </ClInclude>
    <ClInclude Include="MonitorListener.h">
      <Filter>Header Files</Filter>
    </ClInclude>
    <ClInclude Include="MonitorServer.h">
      <Filter>Header Files</Filter>
    </ClInclude>
    <ClInclude Include="PasswordDlg.h">
      <Filter>Header Files</Filter>
    </ClInclude>
    <ClInclude Include="PortEthernetDlg.h">
      <Filter>Header Files</Filter>
    </ClInclude>
    <ClInclude Include="PortObject.h">
      <Filter>Header Files</Filter>
    </ClInclude>
    <ClInclude Include="PortSerialDlg.h">
      <Filter>Header Files</Filter>
    </ClInclude>
    <ClInclude Include="Resource.h">
      <Filter>Header Files</Filter>
    </ClInclude>
    <ClInclude Include="ScDongJin.h">
      <Filter>Header Files</Filter>
    </ClInclude>
    <ClInclude Include="ScDongJinDlg.h">
      <Filter>Header Files</Filter>
    </ClInclude>
    <ClInclude Include="ScDongJinManualDlg.h">
      <Filter>Header Files</Filter>
    </ClInclude>
    <ClInclude Include="ScInfo.h">
      <Filter>Header Files</Filter>
    </ClInclude>
    <ClInclude Include="ScRelocationDlg.h">
      <Filter>Header Files</Filter>
    </ClInclude>
    <ClInclude Include="Splash.h">
      <Filter>Header Files</Filter>
    </ClInclude>
    <ClInclude Include="spreadsheet.h">
      <Filter>Header Files</Filter>
    </ClInclude>
    <ClInclude Include="StartupTip.h">
      <Filter>Header Files</Filter>
    </ClInclude>
    <ClInclude Include="StationInfo.h">
      <Filter>Header Files</Filter>
    </ClInclude>
    <ClInclude Include="StdAfx.h">
      <Filter>Header Files</Filter>
    </ClInclude>
    <ClInclude Include="TrackHS.h">
      <Filter>Header Files</Filter>
    </ClInclude>
    <ClInclude Include="TrackInfo.h">
      <Filter>Header Files</Filter>
    </ClInclude>
    <ClInclude Include="WarningDlg.h">
      <Filter>Header Files</Filter>
    </ClInclude>
    <ClInclude Include="ReportCtrl.h">
      <Filter>Utility</Filter>
    </ClInclude>
    <ClInclude Include="ReportHeader.h">
      <Filter>Utility</Filter>
    </ClInclude>
  </ItemGroup>
  <ItemGroup>
    <Image Include="res\About.ico">
      <Filter>Resource Files</Filter>
    </Image>
    <Image Include="res\add01.ico">
      <Filter>Resource Files</Filter>
    </Image>
    <Image Include="res\Baloon.ico">
      <Filter>Resource Files</Filter>
    </Image>
    <Image Include="res\bitmap1.bmp">
      <Filter>Resource Files</Filter>
    </Image>
    <Image Include="res\bitmap2.bmp">
      <Filter>Resource Files</Filter>
    </Image>
    <Image Include="res\아이콘\blob.ico">
      <Filter>Resource Files</Filter>
    </Image>
    <Image Include="res\bmp00002.bmp">
      <Filter>Resource Files</Filter>
    </Image>
    <Image Include="res\아이콘\Box_2.ico">
      <Filter>Resource Files</Filter>
    </Image>
    <Image Include="res\Butterfly.ico">
      <Filter>Resource Files</Filter>
    </Image>
    <Image Include="res\Cancel.ico">
      <Filter>Resource Files</Filter>
    </Image>
    <Image Include="res\Cancel1_32x32x16.ico">
      <Filter>Resource Files</Filter>
    </Image>
    <Image Include="res\Cancel3_32x32x256.ico">
      <Filter>Resource Files</Filter>
    </Image>
    <Image Include="res\Cancel4_32x32x2.ico">
      <Filter>Resource Files</Filter>
    </Image>
    <Image Include="res\CargillLogo.bmp">
      <Filter>Resource Files</Filter>
    </Image>
    <Image Include="res\CargillLogo.GIF">
      <Filter>Resource Files</Filter>
    </Image>
    <Image Include="res\CargillLogo02.bmp">
      <Filter>Resource Files</Filter>
    </Image>
    <Image Include="res\CDRom.ico">
      <Filter>Resource Files</Filter>
    </Image>
    <Image Include="res\Classes1_32x32x16.ico">
      <Filter>Resource Files</Filter>
    </Image>
    <Image Include="res\classes2.ico">
      <Filter>Resource Files</Filter>
    </Image>
    <Image Include="res\classes3.ico">
      <Filter>Resource Files</Filter>
    </Image>
    <Image Include="res\classes4.ico">
      <Filter>Resource Files</Filter>
    </Image>
    <Image Include="res\classes5.ico">
      <Filter>Resource Files</Filter>
    </Image>
    <Image Include="res\classes6.ico">
      <Filter>Resource Files</Filter>
    </Image>
    <Image Include="res\CLIP06.ICO">
      <Filter>Resource Files</Filter>
    </Image>
    <Image Include="res\CLIP07.ICO">
      <Filter>Resource Files</Filter>
    </Image>
    <Image Include="res\CLIP08.ICO">
      <Filter>Resource Files</Filter>
    </Image>
    <Image Include="res\close(32x32).ico">
      <Filter>Resource Files</Filter>
    </Image>
    <Image Include="res\아이콘\close.ico">
      <Filter>Resource Files</Filter>
    </Image>
    <Image Include="res\config01.ico">
      <Filter>Resource Files</Filter>
    </Image>
    <Image Include="res\config2.ico">
      <Filter>Resource Files</Filter>
    </Image>
    <Image Include="res\CONTACTL.ICO">
      <Filter>Resource Files</Filter>
    </Image>
    <Image Include="res\버튼리소스\COPY.BMP">
      <Filter>Resource Files</Filter>
    </Image>
    <Image Include="res\버튼리소스\CUT.BMP">
      <Filter>Resource Files</Filter>
    </Image>
    <Image Include="res\cwp_e.bmp">
      <Filter>Resource Files</Filter>
    </Image>
    <Image Include="res\cwp_k.bmp">
      <Filter>Resource Files</Filter>
    </Image>
    <Image Include="res\del01.ico">
      <Filter>Resource Files</Filter>
    </Image>
    <Image Include="res\DISTLSTL.ICO">
      <Filter>Resource Files</Filter>
    </Image>
    <Image Include="res\Ecs.ico">
      <Filter>Resource Files</Filter>
    </Image>
    <Image Include="res\EcsCv.bmp">
      <Filter>Resource Files</Filter>
    </Image>
    <Image Include="res\EcsDoc.ico">
      <Filter>Resource Files</Filter>
    </Image>
    <Image Include="res\EcsEquip.bmp">
      <Filter>Resource Files</Filter>
    </Image>
    <Image Include="res\EcsLogo2.bmp">
      <Filter>Resource Files</Filter>
    </Image>
    <Image Include="res\EcsRgv.bmp">
      <Filter>Resource Files</Filter>
    </Image>
    <Image Include="res\eject.ico">
      <Filter>Resource Files</Filter>
    </Image>
    <Image Include="res\EOapp.ico">
      <Filter>Resource Files</Filter>
    </Image>
    <Image Include="res\Exit.ico">
      <Filter>Resource Files</Filter>
    </Image>
    <Image Include="res\Explorer.ico">
      <Filter>Resource Files</Filter>
    </Image>
    <Image Include="res\Frog1.ICO">
      <Filter>Resource Files</Filter>
    </Image>
    <Image Include="res\Frog2.ICO">
      <Filter>Resource Files</Filter>
    </Image>
    <Image Include="res\Frog3.ICO">
      <Filter>Resource Files</Filter>
    </Image>
    <Image Include="res\Frog4.ICO">
      <Filter>Resource Files</Filter>
    </Image>
    <Image Include="res\Halloween1.ico">
      <Filter>Resource Files</Filter>
    </Image>
    <Image Include="res\Halloween2.ico">
      <Filter>Resource Files</Filter>
    </Image>
    <Image Include="res\Help.ico">
      <Filter>Resource Files</Filter>
    </Image>
    <Image Include="res\Help2_32x32x256.ico">
      <Filter>Resource Files</Filter>
    </Image>
    <Image Include="res\ico00001.ico">
      <Filter>Resource Files</Filter>
    </Image>
    <Image Include="res\ico00002.ico">
      <Filter>Resource Files</Filter>
    </Image>
    <Image Include="res\ico00003.ico">
      <Filter>Resource Files</Filter>
    </Image>
    <Image Include="res\ico00004.ico">
      <Filter>Resource Files</Filter>
    </Image>
    <Image Include="res\ico00005.ico">
      <Filter>Resource Files</Filter>
    </Image>
    <Image Include="res\ico00006.ico">
      <Filter>Resource Files</Filter>
    </Image>
    <Image Include="res\ico00007.ico">
      <Filter>Resource Files</Filter>
    </Image>
    <Image Include="res\ico00008.ico">
      <Filter>Resource Files</Filter>
    </Image>
    <Image Include="res\ico00009.ico">
      <Filter>Resource Files</Filter>
    </Image>
    <Image Include="res\ico00010.ico">
      <Filter>Resource Files</Filter>
    </Image>
    <Image Include="res\ico00011.ico">
      <Filter>Resource Files</Filter>
    </Image>
    <Image Include="res\ico00012.ico">
      <Filter>Resource Files</Filter>
    </Image>
    <Image Include="res\ico00013.ico">
      <Filter>Resource Files</Filter>
    </Image>
    <Image Include="res\ico00014.ico">
      <Filter>Resource Files</Filter>
    </Image>
    <Image Include="res\ico00015.ico">
      <Filter>Resource Files</Filter>
    </Image>
    <Image Include="res\ico00016.ico">
      <Filter>Resource Files</Filter>
    </Image>
    <Image Include="res\ico00017.ico">
      <Filter>Resource Files</Filter>
    </Image>
    <Image Include="res\ico00018.ico">
      <Filter>Resource Files</Filter>
    </Image>
    <Image Include="res\ico00019.ico">
      <Filter>Resource Files</Filter>
    </Image>
    <Image Include="res\ico00020.ico">
      <Filter>Resource Files</Filter>
    </Image>
    <Image Include="res\ico00021.ico">
      <Filter>Resource Files</Filter>
    </Image>
    <Image Include="res\ico00022.ico">
      <Filter>Resource Files</Filter>
    </Image>
    <Image Include="res\ico00023.ico">
      <Filter>Resource Files</Filter>
    </Image>
    <Image Include="res\ico00024.ico">
      <Filter>Resource Files</Filter>
    </Image>
    <Image Include="res\ico00025.ico">
      <Filter>Resource Files</Filter>
    </Image>
    <Image Include="res\ico00026.ico">
      <Filter>Resource Files</Filter>
    </Image>
    <Image Include="res\ico00027.ico">
      <Filter>Resource Files</Filter>
    </Image>
    <Image Include="res\ico00028.ico">
      <Filter>Resource Files</Filter>
    </Image>
    <Image Include="res\ico00029.ico">
      <Filter>Resource Files</Filter>
    </Image>
    <Image Include="res\ico00030.ico">
      <Filter>Resource Files</Filter>
    </Image>
    <Image Include="res\ico00031.ico">
      <Filter>Resource Files</Filter>
    </Image>
    <Image Include="res\ico00032.ico">
      <Filter>Resource Files</Filter>
    </Image>
    <Image Include="res\ico00033.ico">
      <Filter>Resource Files</Filter>
    </Image>
    <Image Include="res\ico00034.ico">
      <Filter>Resource Files</Filter>
    </Image>
    <Image Include="res\ico00035.ico">
      <Filter>Resource Files</Filter>
    </Image>
    <Image Include="res\ico00036.ico">
      <Filter>Resource Files</Filter>
    </Image>
    <Image Include="res\ico00037.ico">
      <Filter>Resource Files</Filter>
    </Image>
    <Image Include="res\ico00038.ico">
      <Filter>Resource Files</Filter>
    </Image>
    <Image Include="res\ico00039.ico">
      <Filter>Resource Files</Filter>
    </Image>
    <Image Include="res\ico211.ico">
      <Filter>Resource Files</Filter>
    </Image>
    <Image Include="res\icon1.ico">
      <Filter>Resource Files</Filter>
    </Image>
    <Image Include="res\icon2.ico">
      <Filter>Resource Files</Filter>
    </Image>
    <Image Include="res\icon3.ico">
      <Filter>Resource Files</Filter>
    </Image>
    <Image Include="res\icon4.ico">
      <Filter>Resource Files</Filter>
    </Image>
    <Image Include="res\icon5.ico">
      <Filter>Resource Files</Filter>
    </Image>
    <Image Include="res\icon6.ico">
      <Filter>Resource Files</Filter>
    </Image>
    <Image Include="res\icon_.ico">
      <Filter>Resource Files</Filter>
    </Image>
    <Image Include="res\Icon_Bulb.ico">
      <Filter>Resource Files</Filter>
    </Image>
    <Image Include="res\Icon_Complete.ico">
      <Filter>Resource Files</Filter>
    </Image>
    <Image Include="res\Icon_home.ico">
      <Filter>Resource Files</Filter>
    </Image>
    <Image Include="res\Icon_Manual.ico">
      <Filter>Resource Files</Filter>
    </Image>
    <Image Include="res\icon_ret.ico">
      <Filter>Resource Files</Filter>
    </Image>
    <Image Include="res\IEDocument_48x48x256.ico">
      <Filter>Resource Files</Filter>
    </Image>
    <Image Include="res\job_all1.ico">
      <Filter>Resource Files</Filter>
    </Image>
    <Image Include="res\job_comp.ico">
      <Filter>Resource Files</Filter>
    </Image>
    <Image Include="res\JPEG Image.ico">
      <Filter>Resource Files</Filter>
    </Image>
    <Image Include="res\Key manager.ico">
      <Filter>Resource Files</Filter>
    </Image>
    <Image Include="res\key.ico">
      <Filter>Resource Files</Filter>
    </Image>
    <Image Include="res\Lamp1.ico">
      <Filter>Resource Files</Filter>
    </Image>
    <Image Include="res\lb_fullpack.ico">
      <Filter>Resource Files</Filter>
    </Image>
    <Image Include="res\LedOff.ico">
      <Filter>Resource Files</Filter>
    </Image>
    <Image Include="res\버튼리소스\LedOff.ico">
      <Filter>Resource Files</Filter>
    </Image>
    <Image Include="res\아이콘\LedOff.ico">
      <Filter>Resource Files</Filter>
    </Image>
    <Image Include="res\LedOn.ico">
      <Filter>Resource Files</Filter>
    </Image>
    <Image Include="res\버튼리소스\LedOn.ico">
      <Filter>Resource Files</Filter>
    </Image>
    <Image Include="res\아이콘\LedOn.ico">
      <Filter>Resource Files</Filter>
    </Image>
    <Image Include="res\left6.ico">
      <Filter>Resource Files</Filter>
    </Image>
    <Image Include="res\Left6_32x32x256.ico">
      <Filter>Resource Files</Filter>
    </Image>
    <Image Include="res\line.ico">
      <Filter>Resource Files</Filter>
    </Image>
    <Image Include="res\아이콘\Log.ico">
      <Filter>Resource Files</Filter>
    </Image>
    <Image Include="res\log_alar.ico">
      <Filter>Resource Files</Filter>
    </Image>
    <Image Include="res\log_all1.ico">
      <Filter>Resource Files</Filter>
    </Image>
    <Image Include="res\log_erro.ico">
      <Filter>Resource Files</Filter>
    </Image>
    <Image Include="res\login.bmp">
      <Filter>Resource Files</Filter>
    </Image>
    <Image Include="res\login01(32x32).ico">
      <Filter>Resource Files</Filter>
    </Image>
    <Image Include="res\LogOff.ico">
      <Filter>Resource Files</Filter>
    </Image>
    <Image Include="res\LogoMaker.bmp">
      <Filter>Resource Files</Filter>
    </Image>
    <Image Include="LogoUser.bmp">
      <Filter>Resource Files</Filter>
    </Image>
    <Image Include="res\LogoUser.bmp">
      <Filter>Resource Files</Filter>
    </Image>
    <Image Include="res\NETHOOD.ICO">
      <Filter>Resource Files</Filter>
    </Image>
    <Image Include="res\network.ico">
      <Filter>Resource Files</Filter>
    </Image>
    <Image Include="res\network3.ico">
      <Filter>Resource Files</Filter>
    </Image>
    <Image Include="res\No3_32x32x256.ico">
      <Filter>Resource Files</Filter>
    </Image>
    <Image Include="res\Ok.ico">
      <Filter>Resource Files</Filter>
    </Image>
    <Image Include="res\Ok3_32x32x256.ico">
      <Filter>Resource Files</Filter>
    </Image>
    <Image Include="res\Open.ico">
      <Filter>Resource Files</Filter>
    </Image>
    <Image Include="res\OPEN01.ico">
      <Filter>Resource Files</Filter>
    </Image>
    <Image Include="res\버튼리소스\PASTE.BMP">
      <Filter>Resource Files</Filter>
    </Image>
    <Image Include="res\PLC01.ico">
      <Filter>Resource Files</Filter>
    </Image>
    <Image Include="res\버튼리소스\PREVIEW.BMP">
      <Filter>Resource Files</Filter>
    </Image>
    <Image Include="res\버튼리소스\PRINT.BMP">
      <Filter>Resource Files</Filter>
    </Image>
    <Image Include="res\print01.ico">
      <Filter>Resource Files</Filter>
    </Image>
    <Image Include="res\printer01.ico">
      <Filter>Resource Files</Filter>
    </Image>
    <Image Include="res\product.ico">
      <Filter>Resource Files</Filter>
    </Image>
    <Image Include="res\product01(24x24).ico">
      <Filter>Resource Files</Filter>
    </Image>
    <Image Include="res\product01.ico">
      <Filter>Resource Files</Filter>
    </Image>
    <Image Include="res\product02.ico">
      <Filter>Resource Files</Filter>
    </Image>
    <Image Include="res\Razor_32x32x256.ico">
      <Filter>Resource Files</Filter>
    </Image>
    <Image Include="res\rect_both.ico">
      <Filter>Resource Files</Filter>
    </Image>
    <Image Include="res\report.ico">
      <Filter>Resource Files</Filter>
    </Image>
    <Image Include="res\report01.ico">
      <Filter>Resource Files</Filter>
    </Image>
    <Image Include="res\Return.ico">
      <Filter>Resource Files</Filter>
    </Image>
    <Image Include="res\right6.ico">
      <Filter>Resource Files</Filter>
    </Image>
    <Image Include="res\Right6_32x32x256.ico">
      <Filter>Resource Files</Filter>
    </Image>
    <Image Include="res\Run.ico">
      <Filter>Resource Files</Filter>
    </Image>
    <Image Include="res\Search.bmp">
      <Filter>Resource Files</Filter>
    </Image>
    <Image Include="res\Search1.ico">
      <Filter>Resource Files</Filter>
    </Image>
    <Image Include="res\sendfile.ico">
      <Filter>Resource Files</Filter>
    </Image>
    <Image Include="res\버튼리소스\sendfile.ico">
      <Filter>Resource Files</Filter>
    </Image>
    <Image Include="res\Sound.ico">
      <Filter>Resource Files</Filter>
    </Image>
    <Image Include="res\symbol_02.bmp">
      <Filter>Resource Files</Filter>
    </Image>
    <Image Include="res\Toolbar.bmp">
      <Filter>Resource Files</Filter>
    </Image>
    <Image Include="res\toolbar0.bmp">
      <Filter>Resource Files</Filter>
    </Image>
    <Image Include="res\toolbar1.bmp">
      <Filter>Resource Files</Filter>
    </Image>
    <Image Include="res\toolbar2.bmp">
      <Filter>Resource Files</Filter>
    </Image>
    <Image Include="res\toolbar3.bmp">
      <Filter>Resource Files</Filter>
    </Image>
    <Image Include="res\Toolbar_Log.bmp">
      <Filter>Resource Files</Filter>
    </Image>
    <Image Include="res\Tools4.ico">
      <Filter>Resource Files</Filter>
    </Image>
    <Image Include="res\user.ico">
      <Filter>Resource Files</Filter>
    </Image>
    <Image Include="res\아이콘\User.ico">
      <Filter>Resource Files</Filter>
    </Image>
    <Image Include="res\user1.bmp">
      <Filter>Resource Files</Filter>
    </Image>
    <Image Include="res\user1.ico">
      <Filter>Resource Files</Filter>
    </Image>
    <Image Include="res\user2.ico">
      <Filter>Resource Files</Filter>
    </Image>
    <Image Include="res\usercard.ico">
      <Filter>Resource Files</Filter>
    </Image>
    <Image Include="res\userH.ico">
      <Filter>Resource Files</Filter>
    </Image>
    <Image Include="res\Log\W95MBX01.ICO">
      <Filter>Resource Files</Filter>
    </Image>
    <Image Include="res\Log\W95MBX02.ICO">
      <Filter>Resource Files</Filter>
    </Image>
    <Image Include="res\Log\W95MBX03.ICO">
      <Filter>Resource Files</Filter>
    </Image>
    <Image Include="res\Log\W95MBX04.ICO">
      <Filter>Resource Files</Filter>
    </Image>
    <Image Include="res\Web2.ico">
      <Filter>Resource Files</Filter>
    </Image>
    <Image Include="res\Winzip1.ico">
      <Filter>Resource Files</Filter>
    </Image>
    <Image Include="res\Workgroup.ico">
      <Filter>Resource Files</Filter>
    </Image>
    <Image Include="res\나가기.ico">
      <Filter>Resource Files</Filter>
    </Image>
    <Image Include="res\저장.ico">
      <Filter>Resource Files</Filter>
    </Image>
  </ItemGroup>
  <ItemGroup>
    <Xml Include="Config.xml" />
    <Xml Include="Ecs.xml" />
  </ItemGroup>
  <ItemGroup>
    <Text Include="ReadMe.txt" />
  </ItemGroup>
  <ItemGroup>
    <CustomBuild Include="res\cursor1.cur">
      <Filter>Resource Files</Filter>
    </CustomBuild>
    <CustomBuild Include="res\cursor2.cur">
      <Filter>Resource Files</Filter>
    </CustomBuild>
    <CustomBuild Include="res\cursor3.cur">
      <Filter>Resource Files</Filter>
    </CustomBuild>
    <CustomBuild Include="res\cursor4.cur">
      <Filter>Resource Files</Filter>
    </CustomBuild>
    <CustomBuild Include="res\Ecs.rc2">
      <Filter>Resource Files</Filter>
    </CustomBuild>
  </ItemGroup>
  <ItemGroup>
    <None Include="cpp.hint" />
  </ItemGroup>
</Project>