<?xml version="1.0" encoding="utf-8"?>
<Project ToolsVersion="4.0" xmlns="http://schemas.microsoft.com/developer/msbuild/2003">
  <ItemGroup>
    <Filter Include="소스 파일">
      <UniqueIdentifier>{4FC737F1-C7A5-4376-A066-2A32D752A2FF}</UniqueIdentifier>
      <Extensions>cpp;c;cc;cxx;def;odl;idl;hpj;bat;asm;asmx</Extensions>
    </Filter>
    <Filter Include="헤더 파일">
      <UniqueIdentifier>{93995380-89BD-4b04-88EB-625FBE52EBFB}</UniqueIdentifier>
      <Extensions>h;hpp;hxx;hm;inl;inc;xsd</Extensions>
    </Filter>
    <Filter Include="리소스 파일">
      <UniqueIdentifier>{67DA6AB6-F800-4c08-8B7A-83BB121AAD01}</UniqueIdentifier>
      <Extensions>rc;ico;cur;bmp;dlg;rc2;rct;bin;rgs;gif;jpg;jpeg;jpe;resx;tiff;tif;png;wav;mfcribbon-ms</Extensions>
    </Filter>
    <Filter Include="MenuXP">
      <UniqueIdentifier>{52451f58-60e8-4ed1-a322-eaf34bf9cbc1}</UniqueIdentifier>
      <Extensions>cpp;h</Extensions>
    </Filter>
    <Filter Include="ButtonST">
      <UniqueIdentifier>{b5288b88-68a1-434c-a61c-2c8ef6baa004}</UniqueIdentifier>
    </Filter>
  </ItemGroup>
  <ItemGroup>
    <None Include="ReadMe.txt" />
    <None Include="EcsLib.def">
      <Filter>소스 파일</Filter>
    </None>
    <None Include="res\EcsLib.rc2">
      <Filter>리소스 파일</Filter>
    </None>
    <None Include="res\cursor1.cur">
      <Filter>리소스 파일</Filter>
    </None>
  </ItemGroup>
  <ItemGroup>
    <ClCompile Include="EcsLib.cpp">
      <Filter>소스 파일</Filter>
    </ClCompile>
    <ClCompile Include="dllmain.cpp">
      <Filter>소스 파일</Filter>
    </ClCompile>
    <ClCompile Include="stdafx.cpp">
      <Filter>소스 파일</Filter>
    </ClCompile>
    <ClCompile Include="ColorPicker.cpp">
      <Filter>소스 파일</Filter>
    </ClCompile>
    <ClCompile Include="Dib.cpp">
      <Filter>소스 파일</Filter>
    </ClCompile>
    <ClCompile Include="EditEx.cpp">
      <Filter>소스 파일</Filter>
    </ClCompile>
    <ClCompile Include="FooButton.cpp">
      <Filter>소스 파일</Filter>
    </ClCompile>
    <ClCompile Include="HyperLink.cpp">
      <Filter>소스 파일</Filter>
    </ClCompile>
    <ClCompile Include="Label.cpp">
      <Filter>소스 파일</Filter>
    </ClCompile>
    <ClCompile Include="MultiCastSk.cpp">
      <Filter>소스 파일</Filter>
    </ClCompile>
    <ClCompile Include="SxButton.cpp">
      <Filter>소스 파일</Filter>
    </ClCompile>
    <ClCompile Include="XmlParser.cpp">
      <Filter>소스 파일</Filter>
    </ClCompile>
    <ClCompile Include="MenuXP\KeyHelper.cpp">
      <Filter>MenuXP</Filter>
    </ClCompile>
    <ClCompile Include="MenuXP\MenuXP.cpp">
      <Filter>MenuXP</Filter>
    </ClCompile>
    <ClCompile Include="SizingControlBar.cpp">
      <Filter>소스 파일</Filter>
    </ClCompile>
    <ClCompile Include="DialogResize.cpp">
      <Filter>소스 파일</Filter>
    </ClCompile>
    <ClCompile Include="ButtonST\BCMenu.cpp">
      <Filter>ButtonST</Filter>
    </ClCompile>
    <ClCompile Include="ButtonST\BtnST.cpp">
      <Filter>ButtonST</Filter>
    </ClCompile>
    <ClCompile Include="ButtonST\CeXDib.cpp">
      <Filter>ButtonST</Filter>
    </ClCompile>
    <ClCompile Include="ButtonST\ShadeButtonST.cpp">
      <Filter>ButtonST</Filter>
    </ClCompile>
    <ClCompile Include="ButtonST\WinXPButtonST.cpp">
      <Filter>ButtonST</Filter>
    </ClCompile>
    <ClCompile Include="LogoBandWnd.cpp">
      <Filter>소스 파일</Filter>
    </ClCompile>
    <ClCompile Include="ToolBarEx.cpp">
      <Filter>소스 파일</Filter>
    </ClCompile>
    <ClCompile Include="ExtLabel.cpp">
      <Filter>소스 파일</Filter>
    </ClCompile>
    <ClCompile Include="StatusBarEx.cpp">
      <Filter>소스 파일</Filter>
    </ClCompile>
    <ClCompile Include="MinButton.cpp">
      <Filter>소스 파일</Filter>
    </ClCompile>
    <ClCompile Include="DrawGradationRect.cpp">
      <Filter>소스 파일</Filter>
    </ClCompile>
    <ClCompile Include="excom.cpp">
      <Filter>소스 파일</Filter>
    </ClCompile>
    <ClCompile Include="XColorPickerXP.cpp">
      <Filter>소스 파일</Filter>
    </ClCompile>
    <ClCompile Include="XColorPopupXP.cpp">
      <Filter>소스 파일</Filter>
    </ClCompile>
  </ItemGroup>
  <ItemGroup>
    <ClInclude Include="stdafx.h">
      <Filter>헤더 파일</Filter>
    </ClInclude>
    <ClInclude Include="targetver.h">
      <Filter>헤더 파일</Filter>
    </ClInclude>
    <ClInclude Include="Resource.h">
      <Filter>헤더 파일</Filter>
    </ClInclude>
    <ClInclude Include="XmlParser.h">
      <Filter>헤더 파일</Filter>
    </ClInclude>
    <ClInclude Include="ColorPicker.h">
      <Filter>헤더 파일</Filter>
    </ClInclude>
    <ClInclude Include="Dib.h">
      <Filter>헤더 파일</Filter>
    </ClInclude>
    <ClInclude Include="EditEx.h">
      <Filter>헤더 파일</Filter>
    </ClInclude>
    <ClInclude Include="FooButton.h">
      <Filter>헤더 파일</Filter>
    </ClInclude>
    <ClInclude Include="HyperLink.h">
      <Filter>헤더 파일</Filter>
    </ClInclude>
    <ClInclude Include="Label.h">
      <Filter>헤더 파일</Filter>
    </ClInclude>
    <ClInclude Include="MultiCastSk.h">
      <Filter>헤더 파일</Filter>
    </ClInclude>
    <ClInclude Include="SxButton.h">
      <Filter>헤더 파일</Filter>
    </ClInclude>
    <ClInclude Include="MenuXP\KeyHelper.h">
      <Filter>MenuXP</Filter>
    </ClInclude>
    <ClInclude Include="MenuXP\MenuXP.h">
      <Filter>MenuXP</Filter>
    </ClInclude>
    <ClInclude Include="SizingControlBar.h">
      <Filter>헤더 파일</Filter>
    </ClInclude>
    <ClInclude Include="DialogResize.h">
      <Filter>헤더 파일</Filter>
    </ClInclude>
    <ClInclude Include="ButtonST\WinXPButtonST.h">
      <Filter>ButtonST</Filter>
    </ClInclude>
    <ClInclude Include="ButtonST\BCMenu.h">
      <Filter>ButtonST</Filter>
    </ClInclude>
    <ClInclude Include="ButtonST\BtnST.h">
      <Filter>ButtonST</Filter>
    </ClInclude>
    <ClInclude Include="ButtonST\CeXDib.h">
      <Filter>ButtonST</Filter>
    </ClInclude>
    <ClInclude Include="ButtonST\ShadeButtonST.h">
      <Filter>ButtonST</Filter>
    </ClInclude>
    <ClInclude Include="LogoBandWnd.h">
      <Filter>헤더 파일</Filter>
    </ClInclude>
    <ClInclude Include="ToolBarEx.h">
      <Filter>헤더 파일</Filter>
    </ClInclude>
    <ClInclude Include="ExtLabel.h">
      <Filter>헤더 파일</Filter>
    </ClInclude>
    <ClInclude Include="StatusBarEx.h">
      <Filter>헤더 파일</Filter>
    </ClInclude>
    <ClInclude Include="MinButton.h">
      <Filter>헤더 파일</Filter>
    </ClInclude>
    <ClInclude Include="DrawGradationRect.h">
      <Filter>헤더 파일</Filter>
    </ClInclude>
    <ClInclude Include="excom.h">
      <Filter>헤더 파일</Filter>
    </ClInclude>
    <ClInclude Include="XColorPickerXP.h">
      <Filter>헤더 파일</Filter>
    </ClInclude>
    <ClInclude Include="XColorPopupXP.h">
      <Filter>헤더 파일</Filter>
    </ClInclude>
  </ItemGroup>
  <ItemGroup>
    <ResourceCompile Include="EcsLib.rc">
      <Filter>리소스 파일</Filter>
    </ResourceCompile>
  </ItemGroup>
</Project>